{
  "name": "ha-dockhand-cards-screenshot-harness",
  "lockfileVersion": 3,
  "requires": true,
  "packages": {
    "": {
      "name": "ha-dockhand-cards-screenshot-harness",
      "dependencies": {
        "@mdi/js": "^7.4.47"
      }
    },
    "node_modules/@mdi/js": {
      "version": "7.4.47",
      "resolved": "https://registry.npmjs.org/@mdi/js/-/js-7.4.47.tgz",
      "integrity": "sha512-KPnNOtm5i2pMabqZxpUz7iQf+mfrYZyKCZ8QNz85czgEt7cuHcGorWfdzUMWYA0SD+a6Hn4FmJ+YhzzzjkTZrQ==",
      "license": "Apache-2.0"
    }
  }
}
